
Microsoft Visual Studio Solution File, Format Version 12.00
# Visual Studio Version 17
VisualStudioVersion = 17.9.34622.214
MinimumVisualStudioVersion = 10.0.40219.1
Project("{2150E333-8FDC-42A3-9474-1A3956D46DE8}") = "src", "src", "{51EBC13D-ECE5-4C79-9F74-040A3B5F629F}"
EndProject
Project("{2150E333-8FDC-42A3-9474-1A3956D46DE8}") = "corePackages", "corePackages", "{6883712C-F43B-4B81-8BF4-B8311E2FD91D}"
EndProject
Project("{2150E333-8FDC-42A3-9474-1A3956D46DE8}") = "webProjects", "webProjects", "{C912E815-337F-4310-B1D3-857145C11A31}"
EndProject
Project("{9A19103F-16F7-4668-BE54-9A1E7A4F7556}") = "Application", "src\webProjects\Application\Application.csproj", "{406A7843-486B-43F5-921F-25B5B935D4EA}"
EndProject
Project("{9A19103F-16F7-4668-BE54-9A1E7A4F7556}") = "Domain", "src\webProjects\Domain\Domain.csproj", "{C7657368-6BC0-4DE3-B06E-654987E35062}"
EndProject
Project("{9A19103F-16F7-4668-BE54-9A1E7A4F7556}") = "Persistence", "src\webProjects\Persistence\Persistence.csproj", "{A04FC263-DEDB-41F2-B79E-5DFFF5A7CB15}"
EndProject
Project("{9A19103F-16F7-4668-BE54-9A1E7A4F7556}") = "Infrastructure", "src\webProjects\Insfrastructure\Infrastructure.csproj", "{CEEC76E8-67FD-4EF8-9D94-5F59F03B72EA}"
EndProject
Project("{9A19103F-16F7-4668-BE54-9A1E7A4F7556}") = "Core.Persistence", "src\corePackages\Core.Persistence\Core.Persistence.csproj", "{9C2E72EE-EBF7-413E-9D63-BF5265BD405A}"
EndProject
Project("{9A19103F-16F7-4668-BE54-9A1E7A4F7556}") = "WebAPI", "src\webProjects\WebAPI\WebAPI.csproj", "{EA5F1027-8A12-4925-9C0F-43B5EF36215B}"
EndProject
Project("{9A19103F-16F7-4668-BE54-9A1E7A4F7556}") = "Core.CrossCuttingConcerns", "src\corePackages\Core.CrossCuttingConcern\Core.CrossCuttingConcerns.csproj", "{D4C28554-F6AF-473E-BA08-AEDF7CC889F2}"
EndProject
Project("{9A19103F-16F7-4668-BE54-9A1E7A4F7556}") = "Core.Application", "src\corePackages\Core.Application\Core.Application.csproj", "{2AF24428-F210-410E-9960-028D85D61F46}"
EndProject
Project("{FAE04EC0-301F-11D3-BF4B-00C04F79EFBC}") = "Core.Security", "Core.Security\Core.Security.csproj", "{AA2EA351-76AB-427E-ADB8-8A00897FB976}"
EndProject
Global
	GlobalSection(SolutionConfigurationPlatforms) = preSolution
		Debug|Any CPU = Debug|Any CPU
		Release|Any CPU = Release|Any CPU
	EndGlobalSection
	GlobalSection(ProjectConfigurationPlatforms) = postSolution
		{406A7843-486B-43F5-921F-25B5B935D4EA}.Debug|Any CPU.ActiveCfg = Debug|Any CPU
		{406A7843-486B-43F5-921F-25B5B935D4EA}.Debug|Any CPU.Build.0 = Debug|Any CPU
		{406A7843-486B-43F5-921F-25B5B935D4EA}.Release|Any CPU.ActiveCfg = Release|Any CPU
		{406A7843-486B-43F5-921F-25B5B935D4EA}.Release|Any CPU.Build.0 = Release|Any CPU
		{C7657368-6BC0-4DE3-B06E-654987E35062}.Debug|Any CPU.ActiveCfg = Debug|Any CPU
		{C7657368-6BC0-4DE3-B06E-654987E35062}.Debug|Any CPU.Build.0 = Debug|Any CPU
		{C7657368-6BC0-4DE3-B06E-654987E35062}.Release|Any CPU.ActiveCfg = Release|Any CPU
		{C7657368-6BC0-4DE3-B06E-654987E35062}.Release|Any CPU.Build.0 = Release|Any CPU
		{A04FC263-DEDB-41F2-B79E-5DFFF5A7CB15}.Debug|Any CPU.ActiveCfg = Debug|Any CPU
		{A04FC263-DEDB-41F2-B79E-5DFFF5A7CB15}.Debug|Any CPU.Build.0 = Debug|Any CPU
		{A04FC263-DEDB-41F2-B79E-5DFFF5A7CB15}.Release|Any CPU.ActiveCfg = Release|Any CPU
		{A04FC263-DEDB-41F2-B79E-5DFFF5A7CB15}.Release|Any CPU.Build.0 = Release|Any CPU
		{CEEC76E8-67FD-4EF8-9D94-5F59F03B72EA}.Debug|Any CPU.ActiveCfg = Debug|Any CPU
		{CEEC76E8-67FD-4EF8-9D94-5F59F03B72EA}.Debug|Any CPU.Build.0 = Debug|Any CPU
		{CEEC76E8-67FD-4EF8-9D94-5F59F03B72EA}.Release|Any CPU.ActiveCfg = Release|Any CPU
		{CEEC76E8-67FD-4EF8-9D94-5F59F03B72EA}.Release|Any CPU.Build.0 = Release|Any CPU
		{9C2E72EE-EBF7-413E-9D63-BF5265BD405A}.Debug|Any CPU.ActiveCfg = Debug|Any CPU
		{9C2E72EE-EBF7-413E-9D63-BF5265BD405A}.Debug|Any CPU.Build.0 = Debug|Any CPU
		{9C2E72EE-EBF7-413E-9D63-BF5265BD405A}.Release|Any CPU.ActiveCfg = Release|Any CPU
		{9C2E72EE-EBF7-413E-9D63-BF5265BD405A}.Release|Any CPU.Build.0 = Release|Any CPU
		{EA5F1027-8A12-4925-9C0F-43B5EF36215B}.Debug|Any CPU.ActiveCfg = Debug|Any CPU
		{EA5F1027-8A12-4925-9C0F-43B5EF36215B}.Debug|Any CPU.Build.0 = Debug|Any CPU
		{EA5F1027-8A12-4925-9C0F-43B5EF36215B}.Release|Any CPU.ActiveCfg = Release|Any CPU
		{EA5F1027-8A12-4925-9C0F-43B5EF36215B}.Release|Any CPU.Build.0 = Release|Any CPU
		{D4C28554-F6AF-473E-BA08-AEDF7CC889F2}.Debug|Any CPU.ActiveCfg = Debug|Any CPU
		{D4C28554-F6AF-473E-BA08-AEDF7CC889F2}.Debug|Any CPU.Build.0 = Debug|Any CPU
		{D4C28554-F6AF-473E-BA08-AEDF7CC889F2}.Release|Any CPU.ActiveCfg = Release|Any CPU
		{D4C28554-F6AF-473E-BA08-AEDF7CC889F2}.Release|Any CPU.Build.0 = Release|Any CPU
		{2AF24428-F210-410E-9960-028D85D61F46}.Debug|Any CPU.ActiveCfg = Debug|Any CPU
		{2AF24428-F210-410E-9960-028D85D61F46}.Debug|Any CPU.Build.0 = Debug|Any CPU
		{2AF24428-F210-410E-9960-028D85D61F46}.Release|Any CPU.ActiveCfg = Release|Any CPU
		{2AF24428-F210-410E-9960-028D85D61F46}.Release|Any CPU.Build.0 = Release|Any CPU
		{AA2EA351-76AB-427E-ADB8-8A00897FB976}.Debug|Any CPU.ActiveCfg = Debug|Any CPU
		{AA2EA351-76AB-427E-ADB8-8A00897FB976}.Debug|Any CPU.Build.0 = Debug|Any CPU
		{AA2EA351-76AB-427E-ADB8-8A00897FB976}.Release|Any CPU.ActiveCfg = Release|Any CPU
		{AA2EA351-76AB-427E-ADB8-8A00897FB976}.Release|Any CPU.Build.0 = Release|Any CPU
	EndGlobalSection
	GlobalSection(SolutionProperties) = preSolution
		HideSolutionNode = FALSE
	EndGlobalSection
	GlobalSection(NestedProjects) = preSolution
		{6883712C-F43B-4B81-8BF4-B8311E2FD91D} = {51EBC13D-ECE5-4C79-9F74-040A3B5F629F}
		{C912E815-337F-4310-B1D3-857145C11A31} = {51EBC13D-ECE5-4C79-9F74-040A3B5F629F}
		{406A7843-486B-43F5-921F-25B5B935D4EA} = {C912E815-337F-4310-B1D3-857145C11A31}
		{C7657368-6BC0-4DE3-B06E-654987E35062} = {C912E815-337F-4310-B1D3-857145C11A31}
		{A04FC263-DEDB-41F2-B79E-5DFFF5A7CB15} = {C912E815-337F-4310-B1D3-857145C11A31}
		{CEEC76E8-67FD-4EF8-9D94-5F59F03B72EA} = {C912E815-337F-4310-B1D3-857145C11A31}
		{9C2E72EE-EBF7-413E-9D63-BF5265BD405A} = {6883712C-F43B-4B81-8BF4-B8311E2FD91D}
		{EA5F1027-8A12-4925-9C0F-43B5EF36215B} = {C912E815-337F-4310-B1D3-857145C11A31}
		{D4C28554-F6AF-473E-BA08-AEDF7CC889F2} = {6883712C-F43B-4B81-8BF4-B8311E2FD91D}
		{2AF24428-F210-410E-9960-028D85D61F46} = {6883712C-F43B-4B81-8BF4-B8311E2FD91D}
		{AA2EA351-76AB-427E-ADB8-8A00897FB976} = {6883712C-F43B-4B81-8BF4-B8311E2FD91D}
	EndGlobalSection
	GlobalSection(ExtensibilityGlobals) = postSolution
		SolutionGuid = {82D10922-91C3-4F85-82D8-2E12DF6EFDDE}
	EndGlobalSection
EndGlobal
